
Microsoft Visual Studio Solution File, Format Version 12.00
# Visual Studio 15
VisualStudioVersion = 15.0.26430.6
MinimumVisualStudioVersion = 10.0.40219.1
Project("{FAE04EC0-301F-11D3-BF4B-00C04F79EFBC}") = "GeoLocation.Model", "GeoLocation.Model\GeoLocation.Model.csproj", "{0F49FF7D-21BA-45EB-A443-EE8727B1C4D2}"
EndProject
Project("{FAE04EC0-301F-11D3-BF4B-00C04F79EFBC}") = "GeoLocation", "GeoLocation\GeoLocation.csproj", "{084CCB2A-E358-43D6-B221-B348F5F0DB6B}"
EndProject
Project("{E53339B2-1760-4266-BCC7-CA923CBCF16C}") = "docker-compose", "docker-compose.dcproj", "{3D3A76BB-604A-41C2-9F2F-E51DC5CB2E6F}"
EndProject
Global
	GlobalSection(SolutionConfigurationPlatforms) = preSolution
		Debug|Any CPU = Debug|Any CPU
		Release|Any CPU = Release|Any CPU
	EndGlobalSection
	GlobalSection(ProjectConfigurationPlatforms) = postSolution
		{0F49FF7D-21BA-45EB-A443-EE8727B1C4D2}.Debug|Any CPU.ActiveCfg = Debug|Any CPU
		{0F49FF7D-21BA-45EB-A443-EE8727B1C4D2}.Debug|Any CPU.Build.0 = Debug|Any CPU
		{0F49FF7D-21BA-45EB-A443-EE8727B1C4D2}.Release|Any CPU.ActiveCfg = Release|Any CPU
		{0F49FF7D-21BA-45EB-A443-EE8727B1C4D2}.Release|Any CPU.Build.0 = Release|Any CPU
		{084CCB2A-E358-43D6-B221-B348F5F0DB6B}.Debug|Any CPU.ActiveCfg = Debug|Any CPU
		{084CCB2A-E358-43D6-B221-B348F5F0DB6B}.Debug|Any CPU.Build.0 = Debug|Any CPU
		{084CCB2A-E358-43D6-B221-B348F5F0DB6B}.Release|Any CPU.ActiveCfg = Release|Any CPU
		{084CCB2A-E358-43D6-B221-B348F5F0DB6B}.Release|Any CPU.Build.0 = Release|Any CPU
		{3D3A76BB-604A-41C2-9F2F-E51DC5CB2E6F}.Debug|Any CPU.ActiveCfg = Debug|Any CPU
		{3D3A76BB-604A-41C2-9F2F-E51DC5CB2E6F}.Debug|Any CPU.Build.0 = Debug|Any CPU
		{3D3A76BB-604A-41C2-9F2F-E51DC5CB2E6F}.Release|Any CPU.ActiveCfg = Release|Any CPU
		{3D3A76BB-604A-41C2-9F2F-E51DC5CB2E6F}.Release|Any CPU.Build.0 = Release|Any CPU
	EndGlobalSection
	GlobalSection(SolutionProperties) = preSolution
		HideSolutionNode = FALSE
	EndGlobalSection
EndGlobal
